
Microsoft Visual Studio Solution File, Format Version 12.00
# Visual Studio Version 18
VisualStudioVersion = 18.3.11206.111
MinimumVisualStudioVersion = 10.0.40219.1
Project("{9A19103F-16F7-4668-BE54-9A1E7A4F7556}") = "Generator", "Generator\Generator.csproj", "{164968FD-4D5C-4C5F-BAE2-EBC071F2AB7D}"
EndProject
Project("{FAE04EC0-301F-11D3-BF4B-00C04F79EFBC}") = "Generator.Tests", "Generator.Tests\Generator.Tests.csproj", "{DD894991-9A5E-4201-9651-C7367BE8FA34}"
EndProject
Project("{2150E333-8FDC-42A3-9474-1A3956D46DE8}") = "Scripts", "Scripts", "{02EA681E-C7D8-13C7-8484-4AC65E1B71E8}"
	ProjectSection(SolutionItems) = preProject
		Tools\Scripts\addWebResourceDescription.cs = Tools\Scripts\addWebResourceDescription.cs
	EndProjectSection
EndProject
Project("{2150E333-8FDC-42A3-9474-1A3956D46DE8}") = "Tools", "Tools", "{E2A0671D-5354-45C7-8D86-287DBCA099EC}"
EndProject
Project("{FAE04EC0-301F-11D3-BF4B-00C04F79EFBC}") = "AddWebResourceDescription", "Tools\Scripts\AddWebResourceDescription.csproj", "{379C35FE-EAD1-E476-6E2C-58C14BFEF2B2}"
EndProject
Global
	GlobalSection(SolutionConfigurationPlatforms) = preSolution
		Debug|Any CPU = Debug|Any CPU
		Release|Any CPU = Release|Any CPU
	EndGlobalSection
	GlobalSection(ProjectConfigurationPlatforms) = postSolution
		{164968FD-4D5C-4C5F-BAE2-EBC071F2AB7D}.Debug|Any CPU.ActiveCfg = Debug|Any CPU
		{164968FD-4D5C-4C5F-BAE2-EBC071F2AB7D}.Debug|Any CPU.Build.0 = Debug|Any CPU
		{164968FD-4D5C-4C5F-BAE2-EBC071F2AB7D}.Release|Any CPU.ActiveCfg = Release|Any CPU
		{164968FD-4D5C-4C5F-BAE2-EBC071F2AB7D}.Release|Any CPU.Build.0 = Release|Any CPU
		{DD894991-9A5E-4201-9651-C7367BE8FA34}.Debug|Any CPU.ActiveCfg = Debug|Any CPU
		{DD894991-9A5E-4201-9651-C7367BE8FA34}.Debug|Any CPU.Build.0 = Debug|Any CPU
		{DD894991-9A5E-4201-9651-C7367BE8FA34}.Release|Any CPU.ActiveCfg = Release|Any CPU
		{DD894991-9A5E-4201-9651-C7367BE8FA34}.Release|Any CPU.Build.0 = Release|Any CPU
		{379C35FE-EAD1-E476-6E2C-58C14BFEF2B2}.Debug|Any CPU.ActiveCfg = Debug|Any CPU
		{379C35FE-EAD1-E476-6E2C-58C14BFEF2B2}.Debug|Any CPU.Build.0 = Debug|Any CPU
		{379C35FE-EAD1-E476-6E2C-58C14BFEF2B2}.Release|Any CPU.ActiveCfg = Release|Any CPU
		{379C35FE-EAD1-E476-6E2C-58C14BFEF2B2}.Release|Any CPU.Build.0 = Release|Any CPU
	EndGlobalSection
	GlobalSection(SolutionProperties) = preSolution
		HideSolutionNode = FALSE
	EndGlobalSection
	GlobalSection(NestedProjects) = preSolution
		{02EA681E-C7D8-13C7-8484-4AC65E1B71E8} = {E2A0671D-5354-45C7-8D86-287DBCA099EC}
		{379C35FE-EAD1-E476-6E2C-58C14BFEF2B2} = {02EA681E-C7D8-13C7-8484-4AC65E1B71E8}
	EndGlobalSection
	GlobalSection(ExtensibilityGlobals) = postSolution
		SolutionGuid = {53B88BBA-AEED-4925-9F3A-E96F7B0E00C5}
	EndGlobalSection
EndGlobal
